
Microsoft Visual Studio Solution File, Format Version 12.00
# Visual Studio Version 16
VisualStudioVersion = 16.0.31321.278
MinimumVisualStudioVersion = 10.0.40219.1
Project("{FAE04EC0-301F-11D3-BF4B-00C04F79EFBC}") = "nuevo_verdadero.Android", "nuevo_verdadero\nuevo_verdadero.Android\nuevo_verdadero.Android.csproj", "{7A8B4F34-BDC1-4423-A9E5-52A9D688B9A5}"
EndProject
Project("{FAE04EC0-301F-11D3-BF4B-00C04F79EFBC}") = "nuevo_verdadero.iOS", "nuevo_verdadero\nuevo_verdadero.iOS\nuevo_verdadero.iOS.csproj", "{7DD1B72A-30DE-466F-B9E1-0A58B53C5613}"
EndProject
Project("{FAE04EC0-301F-11D3-BF4B-00C04F79EFBC}") = "nuevo_verdadero", "nuevo_verdadero\nuevo_verdadero\nuevo_verdadero.csproj", "{51C176BD-8B74-41CA-82D3-2CFB8A89A57D}"
EndProject
Global
	GlobalSection(SolutionConfigurationPlatforms) = preSolution
		Debug|Any CPU = Debug|Any CPU
		Debug|iPhone = Debug|iPhone
		Debug|iPhoneSimulator = Debug|iPhoneSimulator
		Release|Any CPU = Release|Any CPU
		Release|iPhone = Release|iPhone
		Release|iPhoneSimulator = Release|iPhoneSimulator
	EndGlobalSection
	GlobalSection(ProjectConfigurationPlatforms) = postSolution
		{7A8B4F34-BDC1-4423-A9E5-52A9D688B9A5}.Debug|Any CPU.ActiveCfg = Debug|Any CPU
		{7A8B4F34-BDC1-4423-A9E5-52A9D688B9A5}.Debug|Any CPU.Build.0 = Debug|Any CPU
		{7A8B4F34-BDC1-4423-A9E5-52A9D688B9A5}.Debug|Any CPU.Deploy.0 = Debug|Any CPU
		{7A8B4F34-BDC1-4423-A9E5-52A9D688B9A5}.Debug|iPhone.ActiveCfg = Debug|Any CPU
		{7A8B4F34-BDC1-4423-A9E5-52A9D688B9A5}.Debug|iPhone.Build.0 = Debug|Any CPU
		{7A8B4F34-BDC1-4423-A9E5-52A9D688B9A5}.Debug|iPhone.Deploy.0 = Debug|Any CPU
		{7A8B4F34-BDC1-4423-A9E5-52A9D688B9A5}.Debug|iPhoneSimulator.ActiveCfg = Debug|Any CPU
		{7A8B4F34-BDC1-4423-A9E5-52A9D688B9A5}.Debug|iPhoneSimulator.Build.0 = Debug|Any CPU
		{7A8B4F34-BDC1-4423-A9E5-52A9D688B9A5}.Debug|iPhoneSimulator.Deploy.0 = Debug|Any CPU
		{7A8B4F34-BDC1-4423-A9E5-52A9D688B9A5}.Release|Any CPU.ActiveCfg = Release|Any CPU
		{7A8B4F34-BDC1-4423-A9E5-52A9D688B9A5}.Release|Any CPU.Build.0 = Release|Any CPU
		{7A8B4F34-BDC1-4423-A9E5-52A9D688B9A5}.Release|Any CPU.Deploy.0 = Release|Any CPU
		{7A8B4F34-BDC1-4423-A9E5-52A9D688B9A5}.Release|iPhone.ActiveCfg = Release|Any CPU
		{7A8B4F34-BDC1-4423-A9E5-52A9D688B9A5}.Release|iPhone.Build.0 = Release|Any CPU
		{7A8B4F34-BDC1-4423-A9E5-52A9D688B9A5}.Release|iPhone.Deploy.0 = Release|Any CPU
		{7A8B4F34-BDC1-4423-A9E5-52A9D688B9A5}.Release|iPhoneSimulator.ActiveCfg = Release|Any CPU
		{7A8B4F34-BDC1-4423-A9E5-52A9D688B9A5}.Release|iPhoneSimulator.Build.0 = Release|Any CPU
		{7A8B4F34-BDC1-4423-A9E5-52A9D688B9A5}.Release|iPhoneSimulator.Deploy.0 = Release|Any CPU
		{7DD1B72A-30DE-466F-B9E1-0A58B53C5613}.Debug|Any CPU.ActiveCfg = Debug|iPhone
		{7DD1B72A-30DE-466F-B9E1-0A58B53C5613}.Debug|Any CPU.Build.0 = Debug|iPhone
		{7DD1B72A-30DE-466F-B9E1-0A58B53C5613}.Debug|Any CPU.Deploy.0 = Debug|iPhone
		{7DD1B72A-30DE-466F-B9E1-0A58B53C5613}.Debug|iPhone.ActiveCfg = Debug|iPhone
		{7DD1B72A-30DE-466F-B9E1-0A58B53C5613}.Debug|iPhone.Build.0 = Debug|iPhone
		{7DD1B72A-30DE-466F-B9E1-0A58B53C5613}.Debug|iPhone.Deploy.0 = Debug|iPhone
		{7DD1B72A-30DE-466F-B9E1-0A58B53C5613}.Debug|iPhoneSimulator.ActiveCfg = Debug|iPhoneSimulator
		{7DD1B72A-30DE-466F-B9E1-0A58B53C5613}.Debug|iPhoneSimulator.Build.0 = Debug|iPhoneSimulator
		{7DD1B72A-30DE-466F-B9E1-0A58B53C5613}.Debug|iPhoneSimulator.Deploy.0 = Debug|iPhoneSimulator
		{7DD1B72A-30DE-466F-B9E1-0A58B53C5613}.Release|Any CPU.ActiveCfg = Release|iPhoneSimulator
		{7DD1B72A-30DE-466F-B9E1-0A58B53C5613}.Release|Any CPU.Build.0 = Release|iPhoneSimulator
		{7DD1B72A-30DE-466F-B9E1-0A58B53C5613}.Release|Any CPU.Deploy.0 = Release|iPhoneSimulator
		{7DD1B72A-30DE-466F-B9E1-0A58B53C5613}.Release|iPhone.ActiveCfg = Release|iPhone
		{7DD1B72A-30DE-466F-B9E1-0A58B53C5613}.Release|iPhone.Build.0 = Release|iPhone
		{7DD1B72A-30DE-466F-B9E1-0A58B53C5613}.Release|iPhone.Deploy.0 = Release|iPhone
		{7DD1B72A-30DE-466F-B9E1-0A58B53C5613}.Release|iPhoneSimulator.ActiveCfg = Release|iPhoneSimulator
		{7DD1B72A-30DE-466F-B9E1-0A58B53C5613}.Release|iPhoneSimulator.Build.0 = Release|iPhoneSimulator
		{7DD1B72A-30DE-466F-B9E1-0A58B53C5613}.Release|iPhoneSimulator.Deploy.0 = Release|iPhoneSimulator
		{51C176BD-8B74-41CA-82D3-2CFB8A89A57D}.Debug|Any CPU.ActiveCfg = Debug|Any CPU
		{51C176BD-8B74-41CA-82D3-2CFB8A89A57D}.Debug|Any CPU.Build.0 = Debug|Any CPU
		{51C176BD-8B74-41CA-82D3-2CFB8A89A57D}.Debug|Any CPU.Deploy.0 = Debug|Any CPU
		{51C176BD-8B74-41CA-82D3-2CFB8A89A57D}.Debug|iPhone.ActiveCfg = Debug|Any CPU
		{51C176BD-8B74-41CA-82D3-2CFB8A89A57D}.Debug|iPhone.Build.0 = Debug|Any CPU
		{51C176BD-8B74-41CA-82D3-2CFB8A89A57D}.Debug|iPhone.Deploy.0 = Debug|Any CPU
		{51C176BD-8B74-41CA-82D3-2CFB8A89A57D}.Debug|iPhoneSimulator.ActiveCfg = Debug|Any CPU
		{51C176BD-8B74-41CA-82D3-2CFB8A89A57D}.Debug|iPhoneSimulator.Build.0 = Debug|Any CPU
		{51C176BD-8B74-41CA-82D3-2CFB8A89A57D}.Debug|iPhoneSimulator.Deploy.0 = Debug|Any CPU
		{51C176BD-8B74-41CA-82D3-2CFB8A89A57D}.Release|Any CPU.ActiveCfg = Release|Any CPU
		{51C176BD-8B74-41CA-82D3-2CFB8A89A57D}.Release|Any CPU.Build.0 = Release|Any CPU
		{51C176BD-8B74-41CA-82D3-2CFB8A89A57D}.Release|Any CPU.Deploy.0 = Release|Any CPU
		{51C176BD-8B74-41CA-82D3-2CFB8A89A57D}.Release|iPhone.ActiveCfg = Release|Any CPU
		{51C176BD-8B74-41CA-82D3-2CFB8A89A57D}.Release|iPhone.Build.0 = Release|Any CPU
		{51C176BD-8B74-41CA-82D3-2CFB8A89A57D}.Release|iPhone.Deploy.0 = Release|Any CPU
		{51C176BD-8B74-41CA-82D3-2CFB8A89A57D}.Release|iPhoneSimulator.ActiveCfg = Release|Any CPU
		{51C176BD-8B74-41CA-82D3-2CFB8A89A57D}.Release|iPhoneSimulator.Build.0 = Release|Any CPU
		{51C176BD-8B74-41CA-82D3-2CFB8A89A57D}.Release|iPhoneSimulator.Deploy.0 = Release|Any CPU
	EndGlobalSection
	GlobalSection(SolutionProperties) = preSolution
		HideSolutionNode = FALSE
	EndGlobalSection
	GlobalSection(ExtensibilityGlobals) = postSolution
		SolutionGuid = {B2F46FCB-4A71-4B91-9717-0C9B6419C741}
	EndGlobalSection
EndGlobal
